
Microsoft Visual Studio Solution File, Format Version 12.00
# Visual Studio Version 17
VisualStudioVersion = 17.10.35004.147
MinimumVisualStudioVersion = 10.0.40219.1
Project("{9A19103F-16F7-4668-BE54-9A1E7A4F7556}") = "ConsoleApp", "ConsoleApp\ConsoleApp.csproj", "{2275C5C8-E59A-4FC2-872A-B30BAE7674FE}"
EndProject
Project("{9A19103F-16F7-4668-BE54-9A1E7A4F7556}") = "Extract_and_prompting", "Extract_and_prompting\Extract_and_prompting.csproj", "{9EF13B91-492C-49C6-A737-C3C2B6A0B4AD}"
EndProject
Global
	GlobalSection(SolutionConfigurationPlatforms) = preSolution
		Debug|Any CPU = Debug|Any CPU
		Release|Any CPU = Release|Any CPU
	EndGlobalSection
	GlobalSection(ProjectConfigurationPlatforms) = postSolution
		{2275C5C8-E59A-4FC2-872A-B30BAE7674FE}.Debug|Any CPU.ActiveCfg = Debug|Any CPU
		{2275C5C8-E59A-4FC2-872A-B30BAE7674FE}.Debug|Any CPU.Build.0 = Debug|Any CPU
		{2275C5C8-E59A-4FC2-872A-B30BAE7674FE}.Release|Any CPU.ActiveCfg = Release|Any CPU
		{2275C5C8-E59A-4FC2-872A-B30BAE7674FE}.Release|Any CPU.Build.0 = Release|Any CPU
		{9EF13B91-492C-49C6-A737-C3C2B6A0B4AD}.Debug|Any CPU.ActiveCfg = Debug|Any CPU
		{9EF13B91-492C-49C6-A737-C3C2B6A0B4AD}.Debug|Any CPU.Build.0 = Debug|Any CPU
		{9EF13B91-492C-49C6-A737-C3C2B6A0B4AD}.Release|Any CPU.ActiveCfg = Release|Any CPU
		{9EF13B91-492C-49C6-A737-C3C2B6A0B4AD}.Release|Any CPU.Build.0 = Release|Any CPU
	EndGlobalSection
	GlobalSection(SolutionProperties) = preSolution
		HideSolutionNode = FALSE
	EndGlobalSection
	GlobalSection(ExtensibilityGlobals) = postSolution
		SolutionGuid = {8B8C8931-41CD-471A-A2C7-E92809708DAB}
	EndGlobalSection
EndGlobal
